
Microsoft Visual Studio Solution File, Format Version 11.00
# Visual Studio 2010
Project("{2150E333-8FDC-42A3-9474-1A3956D46DE8}") = "Solution Items", "Solution Items", "{888801DD-E68C-4BDE-8B21-890076EF7A59}"
	ProjectSection(SolutionItems) = preProject
		README.md = README.md
	EndProjectSection
EndProject
Project("{8BC9CEB8-8B4A-11D0-8D11-00A0C91BC942}") = "libXFX", "src\libXFX\libXFX.vcxproj", "{379FFCFD-88FA-46D6-A686-CAE8F58652FC}"
EndProject
Project("{8BC9CEB8-8B4A-11D0-8D11-00A0C91BC942}") = "libXFX.Game", "src\libXFX.Game\libXFX.Game.vcxproj", "{467C54AE-676B-4D1A-AB8E-60B930F09FB1}"
EndProject
Project("{8BC9CEB8-8B4A-11D0-8D11-00A0C91BC942}") = "libmscorlib", "src\libmscorlib\libmscorlib.vcxproj", "{B7A9CAB6-B307-4A2E-A01F-970F9A8B044E}"
EndProject
Project("{8BC9CEB8-8B4A-11D0-8D11-00A0C91BC942}") = "libSystem.Xml", "src\libSystem.Xml\libSystem.Xml.vcxproj", "{4797B7BB-E670-4486-8053-CD969AD3CED5}"
EndProject
Project("{8BC9CEB8-8B4A-11D0-8D11-00A0C91BC942}") = "libSystem", "src\libSystem\libSystem.vcxproj", "{D9A1DA2E-E4C3-430F-998E-51C2B3F92C24}"
EndProject
Project("{8BC9CEB8-8B4A-11D0-8D11-00A0C91BC942}") = "libSystem.Windows", "src\libSystem.Windows\libSystem.Windows.vcxproj", "{4A050C55-9479-4AE9-8B7A-62A6B89739BD}"
EndProject
Global
	GlobalSection(SolutionConfigurationPlatforms) = preSolution
		Debug|Win32 = Debug|Win32
		Release|Win32 = Release|Win32
	EndGlobalSection
	GlobalSection(ProjectConfigurationPlatforms) = postSolution
		{379FFCFD-88FA-46D6-A686-CAE8F58652FC}.Debug|Win32.ActiveCfg = Debug|Win32
		{379FFCFD-88FA-46D6-A686-CAE8F58652FC}.Debug|Win32.Build.0 = Debug|Win32
		{379FFCFD-88FA-46D6-A686-CAE8F58652FC}.Release|Win32.ActiveCfg = Release|Win32
		{379FFCFD-88FA-46D6-A686-CAE8F58652FC}.Release|Win32.Build.0 = Release|Win32
		{467C54AE-676B-4D1A-AB8E-60B930F09FB1}.Debug|Win32.ActiveCfg = Debug|Win32
		{467C54AE-676B-4D1A-AB8E-60B930F09FB1}.Debug|Win32.Build.0 = Debug|Win32
		{467C54AE-676B-4D1A-AB8E-60B930F09FB1}.Release|Win32.ActiveCfg = Release|Win32
		{467C54AE-676B-4D1A-AB8E-60B930F09FB1}.Release|Win32.Build.0 = Release|Win32
		{B7A9CAB6-B307-4A2E-A01F-970F9A8B044E}.Debug|Win32.ActiveCfg = Debug|Win32
		{B7A9CAB6-B307-4A2E-A01F-970F9A8B044E}.Debug|Win32.Build.0 = Debug|Win32
		{B7A9CAB6-B307-4A2E-A01F-970F9A8B044E}.Release|Win32.ActiveCfg = Release|Win32
		{B7A9CAB6-B307-4A2E-A01F-970F9A8B044E}.Release|Win32.Build.0 = Release|Win32
		{4797B7BB-E670-4486-8053-CD969AD3CED5}.Debug|Win32.ActiveCfg = Debug|Win32
		{4797B7BB-E670-4486-8053-CD969AD3CED5}.Debug|Win32.Build.0 = Debug|Win32
		{4797B7BB-E670-4486-8053-CD969AD3CED5}.Release|Win32.ActiveCfg = Release|Win32
		{4797B7BB-E670-4486-8053-CD969AD3CED5}.Release|Win32.Build.0 = Release|Win32
		{D9A1DA2E-E4C3-430F-998E-51C2B3F92C24}.Debug|Win32.ActiveCfg = Debug|Win32
		{D9A1DA2E-E4C3-430F-998E-51C2B3F92C24}.Debug|Win32.Build.0 = Debug|Win32
		{D9A1DA2E-E4C3-430F-998E-51C2B3F92C24}.Release|Win32.ActiveCfg = Release|Win32
		{D9A1DA2E-E4C3-430F-998E-51C2B3F92C24}.Release|Win32.Build.0 = Release|Win32
		{4A050C55-9479-4AE9-8B7A-62A6B89739BD}.Debug|Win32.ActiveCfg = Debug|Win32
		{4A050C55-9479-4AE9-8B7A-62A6B89739BD}.Debug|Win32.Build.0 = Debug|Win32
		{4A050C55-9479-4AE9-8B7A-62A6B89739BD}.Release|Win32.ActiveCfg = Release|Win32
		{4A050C55-9479-4AE9-8B7A-62A6B89739BD}.Release|Win32.Build.0 = Release|Win32
	EndGlobalSection
	GlobalSection(SolutionProperties) = preSolution
		HideSolutionNode = FALSE
	EndGlobalSection
EndGlobal
