<?xml version="1.0" encoding="utf-8"?>
<Project ToolsVersion="4.0" xmlns="http://schemas.microsoft.com/developer/msbuild/2003">
  <ItemGroup>
    <Filter Include="Source Files">
      <UniqueIdentifier>{4FC737F1-C7A5-4376-A066-2A32D752A2FF}</UniqueIdentifier>
      <Extensions>cpp;c;cc;cxx;def;odl;idl;hpj;bat;asm;asmx</Extensions>
    </Filter>
    <Filter Include="Source Files\IO">
      <UniqueIdentifier>{4670d39e-dd27-4cec-bd96-629daefcf2a4}</UniqueIdentifier>
    </Filter>
    <Filter Include="Source Files\Threading">
      <UniqueIdentifier>{dfdc0add-229c-484f-9176-8823b08dca65}</UniqueIdentifier>
    </Filter>
    <Filter Include="Source Files\Globalization">
      <UniqueIdentifier>{a2019fd9-8e1a-4a8a-9c24-b8b826224618}</UniqueIdentifier>
    </Filter>
    <Filter Include="Source Files\Collections">
      <UniqueIdentifier>{05bea726-3f2c-48f0-a8e8-b2bfc7a97281}</UniqueIdentifier>
    </Filter>
    <Filter Include="Source Files\Collections\Generic">
      <UniqueIdentifier>{21301aeb-4626-4d9c-b069-5d249d289177}</UniqueIdentifier>
    </Filter>
    <Filter Include="Source Files\Text">
      <UniqueIdentifier>{41ac3961-e544-41f5-a99e-8da4d489571d}</UniqueIdentifier>
    </Filter>
    <Filter Include="Header Files">
      <UniqueIdentifier>{93995380-89BD-4b04-88EB-625FBE52EBFB}</UniqueIdentifier>
      <Extensions>h;hpp;hxx;hm;inl;inc;xsd</Extensions>
    </Filter>
    <Filter Include="Header Files\IO">
      <UniqueIdentifier>{2510a9d3-5288-415c-93f5-268b7d5dff8e}</UniqueIdentifier>
    </Filter>
    <Filter Include="Header Files\Globalization">
      <UniqueIdentifier>{84dc6518-c69d-4024-b02a-d86488a1735d}</UniqueIdentifier>
    </Filter>
    <Filter Include="Header Files\Collections">
      <UniqueIdentifier>{2961dcf5-9fad-46d4-b898-ffaa7fb4a8ef}</UniqueIdentifier>
    </Filter>
    <Filter Include="Header Files\Collections\Generic">
      <UniqueIdentifier>{e82bde8d-2a89-4064-afa5-b3efb2063760}</UniqueIdentifier>
    </Filter>
    <Filter Include="Header Files\Threading">
      <UniqueIdentifier>{abe8723d-102b-4c85-9056-64c78cf57bde}</UniqueIdentifier>
    </Filter>
    <Filter Include="Header Files\Text">
      <UniqueIdentifier>{8e38eee6-80fd-417d-8b86-3cce1bd4252a}</UniqueIdentifier>
    </Filter>
    <Filter Include="Resource Files">
      <UniqueIdentifier>{67DA6AB6-F800-4c08-8B7A-83BB121AAD01}</UniqueIdentifier>
      <Extensions>rc;ico;cur;bmp;dlg;rc2;rct;bin;rgs;gif;jpg;jpeg;jpe;resx;tiff;tif;png;wav</Extensions>
    </Filter>
  </ItemGroup>
  <ItemGroup>
    <ClCompile Include="BitConverter.cpp">
      <Filter>Source Files</Filter>
    </ClCompile>
    <ClCompile Include="Boolean.cpp">
      <Filter>Source Files</Filter>
    </ClCompile>
    <ClCompile Include="Byte.cpp">
      <Filter>Source Files</Filter>
    </ClCompile>
    <ClCompile Include="Console.cpp">
      <Filter>Source Files</Filter>
    </ClCompile>
    <ClCompile Include="DateTime.cpp">
      <Filter>Source Files</Filter>
    </ClCompile>
    <ClCompile Include="Double.cpp">
      <Filter>Source Files</Filter>
    </ClCompile>
    <ClCompile Include="Environment.cpp">
      <Filter>Source Files</Filter>
    </ClCompile>
    <ClCompile Include="EventArgs.cpp">
      <Filter>Source Files</Filter>
    </ClCompile>
    <ClCompile Include="FrameworkResources.cpp">
      <Filter>Source Files</Filter>
    </ClCompile>
    <ClCompile Include="Int16.cpp">
      <Filter>Source Files</Filter>
    </ClCompile>
    <ClCompile Include="Int32.cpp">
      <Filter>Source Files</Filter>
    </ClCompile>
    <ClCompile Include="Int64.cpp">
      <Filter>Source Files</Filter>
    </ClCompile>
    <ClCompile Include="Math.cpp">
      <Filter>Source Files</Filter>
    </ClCompile>
    <ClCompile Include="misc.cpp">
      <Filter>Source Files</Filter>
    </ClCompile>
    <ClCompile Include="Object.cpp">
      <Filter>Source Files</Filter>
    </ClCompile>
    <ClCompile Include="OperatingSystem.cpp">
      <Filter>Source Files</Filter>
    </ClCompile>
    <ClCompile Include="sassert.c">
      <Filter>Source Files</Filter>
    </ClCompile>
    <ClCompile Include="SByte.cpp">
      <Filter>Source Files</Filter>
    </ClCompile>
    <ClCompile Include="Single.cpp">
      <Filter>Source Files</Filter>
    </ClCompile>
    <ClCompile Include="String.cpp">
      <Filter>Source Files</Filter>
    </ClCompile>
    <ClCompile Include="TimeSpan.cpp">
      <Filter>Source Files</Filter>
    </ClCompile>
    <ClCompile Include="UInt16.cpp">
      <Filter>Source Files</Filter>
    </ClCompile>
    <ClCompile Include="UInt32.cpp">
      <Filter>Source Files</Filter>
    </ClCompile>
    <ClCompile Include="UInt64.cpp">
      <Filter>Source Files</Filter>
    </ClCompile>
    <ClCompile Include="Version.cpp">
      <Filter>Source Files</Filter>
    </ClCompile>
    <ClCompile Include="BinaryReader.cpp">
      <Filter>Source Files\IO</Filter>
    </ClCompile>
    <ClCompile Include="BinaryWriter.cpp">
      <Filter>Source Files\IO</Filter>
    </ClCompile>
    <ClCompile Include="Directory.cpp">
      <Filter>Source Files\IO</Filter>
    </ClCompile>
    <ClCompile Include="DirectoryInfo.cpp">
      <Filter>Source Files\IO</Filter>
    </ClCompile>
    <ClCompile Include="File.cpp">
      <Filter>Source Files\IO</Filter>
    </ClCompile>
    <ClCompile Include="FileStream.cpp">
      <Filter>Source Files\IO</Filter>
    </ClCompile>
    <ClCompile Include="MemoryStream.cpp">
      <Filter>Source Files\IO</Filter>
    </ClCompile>
    <ClCompile Include="Path.cpp">
      <Filter>Source Files\IO</Filter>
    </ClCompile>
    <ClCompile Include="Stream.cpp">
      <Filter>Source Files\IO</Filter>
    </ClCompile>
    <ClCompile Include="StreamAsyncResult.cpp">
      <Filter>Source Files\IO</Filter>
    </ClCompile>
    <ClCompile Include="StreamReader.cpp">
      <Filter>Source Files\IO</Filter>
    </ClCompile>
    <ClCompile Include="StreamWriter.cpp">
      <Filter>Source Files\IO</Filter>
    </ClCompile>
    <ClCompile Include="TextWriter.cpp">
      <Filter>Source Files\IO</Filter>
    </ClCompile>
    <ClCompile Include="Thread.cpp">
      <Filter>Source Files\Threading</Filter>
    </ClCompile>
    <ClCompile Include="Calendar.cpp">
      <Filter>Source Files\Globalization</Filter>
    </ClCompile>
    <ClCompile Include="DaylightTime.cpp">
      <Filter>Source Files\Globalization</Filter>
    </ClCompile>
    <ClCompile Include="HashHelpers.cpp">
      <Filter>Source Files\Collections</Filter>
    </ClCompile>
    <ClCompile Include="Comparer.cpp">
      <Filter>Source Files\Collections\Generic</Filter>
    </ClCompile>
    <ClCompile Include="Dictionary.cpp">
      <Filter>Source Files\Collections\Generic</Filter>
    </ClCompile>
    <ClCompile Include="StringBuilder.cpp">
      <Filter>Source Files\Text</Filter>
    </ClCompile>
  </ItemGroup>
  <ItemGroup>
    <ClInclude Include="..\..\include\System\Array.h">
      <Filter>Header Files</Filter>
    </ClInclude>
    <ClInclude Include="..\..\include\System\BitConverter.h">
      <Filter>Header Files</Filter>
    </ClInclude>
    <ClInclude Include="..\..\include\System\Boolean.h">
      <Filter>Header Files</Filter>
    </ClInclude>
    <ClInclude Include="..\..\include\System\Buffer.h">
      <Filter>Header Files</Filter>
    </ClInclude>
    <ClInclude Include="..\..\include\System\Byte.h">
      <Filter>Header Files</Filter>
    </ClInclude>
    <ClInclude Include="..\..\include\System\Console.h">
      <Filter>Header Files</Filter>
    </ClInclude>
    <ClInclude Include="..\..\include\System\DateTime.h">
      <Filter>Header Files</Filter>
    </ClInclude>
    <ClInclude Include="..\..\include\System\Delegates.h">
      <Filter>Header Files</Filter>
    </ClInclude>
    <ClInclude Include="..\..\include\System\Double.h">
      <Filter>Header Files</Filter>
    </ClInclude>
    <ClInclude Include="..\..\include\System\Environment.h">
      <Filter>Header Files</Filter>
    </ClInclude>
    <ClInclude Include="..\..\include\System\Event.h">
      <Filter>Header Files</Filter>
    </ClInclude>
    <ClInclude Include="..\..\include\System\EventArgs.h">
      <Filter>Header Files</Filter>
    </ClInclude>
    <ClInclude Include="..\..\include\System\FrameworkResources.h">
      <Filter>Header Files</Filter>
    </ClInclude>
    <ClInclude Include="HashHelpers.h">
      <Filter>Header Files</Filter>
    </ClInclude>
    <ClInclude Include="..\..\include\System\Int16.h">
      <Filter>Header Files</Filter>
    </ClInclude>
    <ClInclude Include="..\..\include\System\Int32.h">
      <Filter>Header Files</Filter>
    </ClInclude>
    <ClInclude Include="..\..\include\System\Int64.h">
      <Filter>Header Files</Filter>
    </ClInclude>
    <ClInclude Include="..\..\include\System\Interfaces.h">
      <Filter>Header Files</Filter>
    </ClInclude>
    <ClInclude Include="..\..\include\System\Math.h">
      <Filter>Header Files</Filter>
    </ClInclude>
    <ClInclude Include="..\..\include\System\misc.h">
      <Filter>Header Files</Filter>
    </ClInclude>
    <ClInclude Include="..\..\include\System\Nullable.h">
      <Filter>Header Files</Filter>
    </ClInclude>
    <ClInclude Include="..\..\include\System\Object.h">
      <Filter>Header Files</Filter>
    </ClInclude>
    <ClInclude Include="..\..\include\System\OperatingSystem.h">
      <Filter>Header Files</Filter>
    </ClInclude>
    <ClInclude Include="..\..\include\sassert.h">
      <Filter>Header Files</Filter>
    </ClInclude>
    <ClInclude Include="..\..\include\System\SByte.h">
      <Filter>Header Files</Filter>
    </ClInclude>
    <ClInclude Include="..\..\include\System\Single.h">
      <Filter>Header Files</Filter>
    </ClInclude>
    <ClInclude Include="..\..\include\System\String.h">
      <Filter>Header Files</Filter>
    </ClInclude>
    <ClInclude Include="..\..\include\System.h">
      <Filter>Header Files</Filter>
    </ClInclude>
    <ClInclude Include="..\..\include\System\Threading.h">
      <Filter>Header Files</Filter>
    </ClInclude>
    <ClInclude Include="..\..\include\System\TimeSpan.h">
      <Filter>Header Files</Filter>
    </ClInclude>
    <ClInclude Include="..\..\include\System\TimeZone.h">
      <Filter>Header Files</Filter>
    </ClInclude>
    <ClInclude Include="..\..\include\System\Types.h">
      <Filter>Header Files</Filter>
    </ClInclude>
    <ClInclude Include="..\..\include\System\UInt16.h">
      <Filter>Header Files</Filter>
    </ClInclude>
    <ClInclude Include="..\..\include\System\UInt32.h">
      <Filter>Header Files</Filter>
    </ClInclude>
    <ClInclude Include="..\..\include\System\UInt64.h">
      <Filter>Header Files</Filter>
    </ClInclude>
    <ClInclude Include="..\..\include\System\Version.h">
      <Filter>Header Files</Filter>
    </ClInclude>
    <ClInclude Include="..\..\include\System\IO\BinaryReader.h">
      <Filter>Header Files\IO</Filter>
    </ClInclude>
    <ClInclude Include="..\..\include\System\IO\BinaryWriter.h">
      <Filter>Header Files\IO</Filter>
    </ClInclude>
    <ClInclude Include="..\..\include\System\IO\Directory.h">
      <Filter>Header Files\IO</Filter>
    </ClInclude>
    <ClInclude Include="..\..\include\System\IO\DirectoryInfo.h">
      <Filter>Header Files\IO</Filter>
    </ClInclude>
    <ClInclude Include="..\..\include\System\IO\Enums.h">
      <Filter>Header Files\IO</Filter>
    </ClInclude>
    <ClInclude Include="..\..\include\System\IO\File.h">
      <Filter>Header Files\IO</Filter>
    </ClInclude>
    <ClInclude Include="..\..\include\System\IO\FileStream.h">
      <Filter>Header Files\IO</Filter>
    </ClInclude>
    <ClInclude Include="..\..\include\System\IO\FileSystemInfo.h">
      <Filter>Header Files\IO</Filter>
    </ClInclude>
    <ClInclude Include="..\..\include\System\IO\MemoryStream.h">
      <Filter>Header Files\IO</Filter>
    </ClInclude>
    <ClInclude Include="..\..\include\System\IO\Path.h">
      <Filter>Header Files\IO</Filter>
    </ClInclude>
    <ClInclude Include="..\..\include\System\IO\Stream.h">
      <Filter>Header Files\IO</Filter>
    </ClInclude>
    <ClInclude Include="..\..\include\System\IO\StreamAsyncResult.h">
      <Filter>Header Files\IO</Filter>
    </ClInclude>
    <ClInclude Include="..\..\include\System\IO\StreamReader.h">
      <Filter>Header Files\IO</Filter>
    </ClInclude>
    <ClInclude Include="..\..\include\System\IO\StreamWriter.h">
      <Filter>Header Files\IO</Filter>
    </ClInclude>
    <ClInclude Include="..\..\include\System\IO\TextReader.h">
      <Filter>Header Files\IO</Filter>
    </ClInclude>
    <ClInclude Include="..\..\include\System\IO\TextWriter.h">
      <Filter>Header Files\IO</Filter>
    </ClInclude>
    <ClInclude Include="..\..\include\System\Globalization\Calendar.h">
      <Filter>Header Files\Globalization</Filter>
    </ClInclude>
    <ClInclude Include="..\..\include\System\Globalization\DaylightTime.h">
      <Filter>Header Files\Globalization</Filter>
    </ClInclude>
    <ClInclude Include="..\..\include\System\Globalization\Enums.h">
      <Filter>Header Files\Globalization</Filter>
    </ClInclude>
    <ClInclude Include="..\..\include\System\Collections\Generic\Comparer.h">
      <Filter>Header Files\Collections\Generic</Filter>
    </ClInclude>
    <ClInclude Include="..\..\include\System\Collections\Generic\Dictionary.h">
      <Filter>Header Files\Collections\Generic</Filter>
    </ClInclude>
    <ClInclude Include="..\..\include\System\Collections\Generic\EqualityComparer.h">
      <Filter>Header Files\Collections\Generic</Filter>
    </ClInclude>
    <ClInclude Include="..\..\include\System\Collections\Generic\Interfaces.h">
      <Filter>Header Files\Collections\Generic</Filter>
    </ClInclude>
    <ClInclude Include="..\..\include\System\Collections\Generic\KeyValuePair.h">
      <Filter>Header Files\Collections\Generic</Filter>
    </ClInclude>
    <ClInclude Include="..\..\include\System\Collections\Generic\List.h">
      <Filter>Header Files\Collections\Generic</Filter>
    </ClInclude>
    <ClInclude Include="..\..\include\System\Collections\Generic\Stack.h">
      <Filter>Header Files\Collections\Generic</Filter>
    </ClInclude>
    <ClInclude Include="..\..\include\System\Threading\Enums.h">
      <Filter>Header Files\Threading</Filter>
    </ClInclude>
    <ClInclude Include="..\..\include\System\Threading\Interlocked.h">
      <Filter>Header Files\Threading</Filter>
    </ClInclude>
    <ClInclude Include="..\..\include\System\Threading\Thread.h">
      <Filter>Header Files\Threading</Filter>
    </ClInclude>
    <ClInclude Include="..\..\include\System\Threading\WaitHandle.h">
      <Filter>Header Files\Threading</Filter>
    </ClInclude>
    <ClInclude Include="..\..\include\System\Text\StringBuilder.h">
      <Filter>Header Files\Text</Filter>
    </ClInclude>
  </ItemGroup>
  <ItemGroup>
    <None Include="makefile" />
  </ItemGroup>
</Project>